
Microsoft Visual Studio Solution File, Format Version 12.00
# Visual Studio 15
VisualStudioVersion = 15.0.28307.329
MinimumVisualStudioVersion = 10.0.40219.1
Project("{9A19103F-16F7-4668-BE54-9A1E7A4F7556}") = "01.ClubParty", "01.ClubParty\01.ClubParty.csproj", "{5980A0BA-00FD-4246-A83E-3C316A32DC81}"
EndProject
Project("{9A19103F-16F7-4668-BE54-9A1E7A4F7556}") = "02.TronRacers", "02.TronRacers\02.TronRacers.csproj", "{5E9B4642-FE17-405F-9D14-C3D0A59C6C2C}"
EndProject
Project("{9A19103F-16F7-4668-BE54-9A1E7A4F7556}") = "03.Heroes", "03. Heroes\03.Heroes.csproj", "{BD4A31D8-5612-494F-AF52-B9FC776662DA}"
EndProject
Global
	GlobalSection(SolutionConfigurationPlatforms) = preSolution
		Debug|Any CPU = Debug|Any CPU
		Release|Any CPU = Release|Any CPU
	EndGlobalSection
	GlobalSection(ProjectConfigurationPlatforms) = postSolution
		{5980A0BA-00FD-4246-A83E-3C316A32DC81}.Debug|Any CPU.ActiveCfg = Debug|Any CPU
		{5980A0BA-00FD-4246-A83E-3C316A32DC81}.Debug|Any CPU.Build.0 = Debug|Any CPU
		{5980A0BA-00FD-4246-A83E-3C316A32DC81}.Release|Any CPU.ActiveCfg = Release|Any CPU
		{5980A0BA-00FD-4246-A83E-3C316A32DC81}.Release|Any CPU.Build.0 = Release|Any CPU
		{5E9B4642-FE17-405F-9D14-C3D0A59C6C2C}.Debug|Any CPU.ActiveCfg = Debug|Any CPU
		{5E9B4642-FE17-405F-9D14-C3D0A59C6C2C}.Debug|Any CPU.Build.0 = Debug|Any CPU
		{5E9B4642-FE17-405F-9D14-C3D0A59C6C2C}.Release|Any CPU.ActiveCfg = Release|Any CPU
		{5E9B4642-FE17-405F-9D14-C3D0A59C6C2C}.Release|Any CPU.Build.0 = Release|Any CPU
		{BD4A31D8-5612-494F-AF52-B9FC776662DA}.Debug|Any CPU.ActiveCfg = Debug|Any CPU
		{BD4A31D8-5612-494F-AF52-B9FC776662DA}.Debug|Any CPU.Build.0 = Debug|Any CPU
		{BD4A31D8-5612-494F-AF52-B9FC776662DA}.Release|Any CPU.ActiveCfg = Release|Any CPU
		{BD4A31D8-5612-494F-AF52-B9FC776662DA}.Release|Any CPU.Build.0 = Release|Any CPU
	EndGlobalSection
	GlobalSection(SolutionProperties) = preSolution
		HideSolutionNode = FALSE
	EndGlobalSection
	GlobalSection(ExtensibilityGlobals) = postSolution
		SolutionGuid = {A981CE82-92CD-4A53-8538-F618DBE6C5AA}
	EndGlobalSection
EndGlobal
