
Microsoft Visual Studio Solution File, Format Version 12.00
# Visual Studio 15
VisualStudioVersion = 15.0.28307.271
MinimumVisualStudioVersion = 10.0.40219.1
Project("{9A19103F-16F7-4668-BE54-9A1E7A4F7556}") = "01.DataTransfer", "01.DataTransfer\01.DataTransfer.csproj", "{A3FE6862-B92A-4A9D-A6B9-818941C728B5}"
EndProject
Project("{9A19103F-16F7-4668-BE54-9A1E7A4F7556}") = "02.Tagram", "02.Tagram\02.Tagram.csproj", "{2C48A18E-9490-4B6E-B27B-40DCB0084789}"
EndProject
Global
	GlobalSection(SolutionConfigurationPlatforms) = preSolution
		Debug|Any CPU = Debug|Any CPU
		Release|Any CPU = Release|Any CPU
	EndGlobalSection
	GlobalSection(ProjectConfigurationPlatforms) = postSolution
		{A3FE6862-B92A-4A9D-A6B9-818941C728B5}.Debug|Any CPU.ActiveCfg = Debug|Any CPU
		{A3FE6862-B92A-4A9D-A6B9-818941C728B5}.Debug|Any CPU.Build.0 = Debug|Any CPU
		{A3FE6862-B92A-4A9D-A6B9-818941C728B5}.Release|Any CPU.ActiveCfg = Release|Any CPU
		{A3FE6862-B92A-4A9D-A6B9-818941C728B5}.Release|Any CPU.Build.0 = Release|Any CPU
		{2C48A18E-9490-4B6E-B27B-40DCB0084789}.Debug|Any CPU.ActiveCfg = Debug|Any CPU
		{2C48A18E-9490-4B6E-B27B-40DCB0084789}.Debug|Any CPU.Build.0 = Debug|Any CPU
		{2C48A18E-9490-4B6E-B27B-40DCB0084789}.Release|Any CPU.ActiveCfg = Release|Any CPU
		{2C48A18E-9490-4B6E-B27B-40DCB0084789}.Release|Any CPU.Build.0 = Release|Any CPU
	EndGlobalSection
	GlobalSection(SolutionProperties) = preSolution
		HideSolutionNode = FALSE
	EndGlobalSection
	GlobalSection(ExtensibilityGlobals) = postSolution
		SolutionGuid = {38B1E549-3498-46E7-8717-AEB014EBEB02}
	EndGlobalSection
EndGlobal
