
Microsoft Visual Studio Solution File, Format Version 12.00
# Visual Studio 15
VisualStudioVersion = 15.0.28307.329
MinimumVisualStudioVersion = 10.0.40219.1
Project("{FAE04EC0-301F-11D3-BF4B-00C04F79EFBC}") = "CustomLinkedList", "CustomLinkedList\CustomLinkedList.csproj", "{EC7BB5EF-6B52-4A24-835E-0AC69E428CD0}"
EndProject
Global
	GlobalSection(SolutionConfigurationPlatforms) = preSolution
		Debug|Any CPU = Debug|Any CPU
		Release|Any CPU = Release|Any CPU
	EndGlobalSection
	GlobalSection(ProjectConfigurationPlatforms) = postSolution
		{EC7BB5EF-6B52-4A24-835E-0AC69E428CD0}.Debug|Any CPU.ActiveCfg = Debug|Any CPU
		{EC7BB5EF-6B52-4A24-835E-0AC69E428CD0}.Debug|Any CPU.Build.0 = Debug|Any CPU
		{EC7BB5EF-6B52-4A24-835E-0AC69E428CD0}.Release|Any CPU.ActiveCfg = Release|Any CPU
		{EC7BB5EF-6B52-4A24-835E-0AC69E428CD0}.Release|Any CPU.Build.0 = Release|Any CPU
	EndGlobalSection
	GlobalSection(SolutionProperties) = preSolution
		HideSolutionNode = FALSE
	EndGlobalSection
	GlobalSection(ExtensibilityGlobals) = postSolution
		SolutionGuid = {2B8A88D4-F874-4ECC-9C02-D767CE53732B}
	EndGlobalSection
EndGlobal
